
Microsoft Visual Studio Solution File, Format Version 12.00
# Visual Studio Version 17
VisualStudioVersion = 17.2.32616.157
MinimumVisualStudioVersion = 10.0.40219.1
Project("{FAE04EC0-301F-11D3-BF4B-00C04F79EFBC}") = "CsharpApplication", "CsharpApplication\CsharpApplication.csproj", "{922B23E2-70BD-4AA6-A1D4-0D349686808F}"
EndProject
Global
	GlobalSection(SolutionConfigurationPlatforms) = preSolution
		Debug|Any CPU = Debug|Any CPU
		Release|Any CPU = Release|Any CPU
	EndGlobalSection
	GlobalSection(ProjectConfigurationPlatforms) = postSolution
		{922B23E2-70BD-4AA6-A1D4-0D349686808F}.Debug|Any CPU.ActiveCfg = Debug|Any CPU
		{922B23E2-70BD-4AA6-A1D4-0D349686808F}.Debug|Any CPU.Build.0 = Debug|Any CPU
		{922B23E2-70BD-4AA6-A1D4-0D349686808F}.Release|Any CPU.ActiveCfg = Release|Any CPU
		{922B23E2-70BD-4AA6-A1D4-0D349686808F}.Release|Any CPU.Build.0 = Release|Any CPU
	EndGlobalSection
	GlobalSection(SolutionProperties) = preSolution
		HideSolutionNode = FALSE
	EndGlobalSection
	GlobalSection(ExtensibilityGlobals) = postSolution
		SolutionGuid = {7024F95E-05C7-4460-A0CD-6C35DC2E56BC}
	EndGlobalSection
EndGlobal
